
Microsoft Visual Studio Solution File, Format Version 12.00
# Visual Studio Version 17
VisualStudioVersion = 17.3.32825.248
MinimumVisualStudioVersion = 10.0.40219.1
Project("{9A19103F-16F7-4668-BE54-9A1E7A4F7556}") = "Models", "CommunityTrackerAutomation\Models\Models.csproj", "{2ADDC762-1FA3-4183-B19D-D4FCC22974E2}"
EndProject
Project("{9A19103F-16F7-4668-BE54-9A1E7A4F7556}") = "Tests", "CommunityTrackerAutomation\Tests\Tests.csproj", "{6E843B0F-6D62-467C-A010-460FD0D0F52B}"
EndProject
Project("{FAE04EC0-301F-11D3-BF4B-00C04F79EFBC}") = "CommunityTrackerAPI", "CommunityTrackerAPI\CommunityTrackerAPI.csproj", "{3A353CD8-6B5A-419B-A667-6F9E5798A9EE}"
EndProject
Global
	GlobalSection(SolutionConfigurationPlatforms) = preSolution
		Debug|Any CPU = Debug|Any CPU
		Release|Any CPU = Release|Any CPU
	EndGlobalSection
	GlobalSection(ProjectConfigurationPlatforms) = postSolution
		{2ADDC762-1FA3-4183-B19D-D4FCC22974E2}.Debug|Any CPU.ActiveCfg = Debug|Any CPU
		{2ADDC762-1FA3-4183-B19D-D4FCC22974E2}.Debug|Any CPU.Build.0 = Debug|Any CPU
		{2ADDC762-1FA3-4183-B19D-D4FCC22974E2}.Release|Any CPU.ActiveCfg = Release|Any CPU
		{2ADDC762-1FA3-4183-B19D-D4FCC22974E2}.Release|Any CPU.Build.0 = Release|Any CPU
		{6E843B0F-6D62-467C-A010-460FD0D0F52B}.Debug|Any CPU.ActiveCfg = Debug|Any CPU
		{6E843B0F-6D62-467C-A010-460FD0D0F52B}.Debug|Any CPU.Build.0 = Debug|Any CPU
		{6E843B0F-6D62-467C-A010-460FD0D0F52B}.Release|Any CPU.ActiveCfg = Release|Any CPU
		{6E843B0F-6D62-467C-A010-460FD0D0F52B}.Release|Any CPU.Build.0 = Release|Any CPU
		{3A353CD8-6B5A-419B-A667-6F9E5798A9EE}.Debug|Any CPU.ActiveCfg = Debug|Any CPU
		{3A353CD8-6B5A-419B-A667-6F9E5798A9EE}.Debug|Any CPU.Build.0 = Debug|Any CPU
		{3A353CD8-6B5A-419B-A667-6F9E5798A9EE}.Release|Any CPU.ActiveCfg = Release|Any CPU
		{3A353CD8-6B5A-419B-A667-6F9E5798A9EE}.Release|Any CPU.Build.0 = Release|Any CPU
	EndGlobalSection
	GlobalSection(SolutionProperties) = preSolution
		HideSolutionNode = FALSE
	EndGlobalSection
	GlobalSection(ExtensibilityGlobals) = postSolution
		SolutionGuid = {09B03D66-A6BD-49D9-B9D9-6397D500433F}
	EndGlobalSection
EndGlobal
